
Microsoft Visual Studio Solution File, Format Version 12.00
Project("{FAE04EC0-301F-11D3-BF4B-00C04F79EFBC}") = "Lesson_1_Connect", "Lesson_1_Connect\Lesson_1_Connect.csproj", "{1020A7EF-9B5F-49D3-8ABF-BF84DE1EADA4}"
EndProject
Project("{FAE04EC0-301F-11D3-BF4B-00C04F79EFBC}") = "Lesson_2_StoredProceduresCall", "Lesson_2_StoredProceduresCall\Lesson_2_StoredProceduresCall.csproj", "{D5658E8E-DA82-4858-A27F-08FB6AC095EB}"
EndProject
Project("{FAE04EC0-301F-11D3-BF4B-00C04F79EFBC}") = "Lesson_1_HW", "Lesson_1_HW\Lesson_1_HW.csproj", "{D05E0C67-C160-4C82-BC27-101A1CBAC888}"
EndProject
Project("{FAE04EC0-301F-11D3-BF4B-00C04F79EFBC}") = "Lesson_2_HW", "Lesson_2_HW\Lesson_2_HW.csproj", "{35059664-D268-4C97-82F2-8A38359E5221}"
EndProject
Project("{FAE04EC0-301F-11D3-BF4B-00C04F79EFBC}") = "Lesson_3_CommandBuilder", "Lesson_3_CommandBuilder\Lesson_3_CommandBuilder.csproj", "{C1F3850E-15F2-449C-8C6B-6E823159290E}"
EndProject
Project("{FAE04EC0-301F-11D3-BF4B-00C04F79EFBC}") = "Lesson_4_DataLayer", "Lesson_4_DataLayer\Lesson_4_DataLayer.csproj", "{FD16D5A1-9BB6-4C5B-A8A2-516428E02F25}"
EndProject
Project("{FAE04EC0-301F-11D3-BF4B-00C04F79EFBC}") = "Lesson_5_Adapter", "Lesson_5_Adapter\Lesson_5_Adapter.csproj", "{36F2474F-F329-482B-8A2C-C122620B57A2}"
EndProject
Project("{FAE04EC0-301F-11D3-BF4B-00C04F79EFBC}") = "Lesson_3_HW", "Lesson_3_HW\Lesson_3_HW.csproj", "{F94A3EDC-2439-44CA-9967-F9B712A820ED}"
EndProject
Project("{FAE04EC0-301F-11D3-BF4B-00C04F79EFBC}") = "Lesson_5_1_WinForms", "Lesson_5_1_WinForms\Lesson_5_1_WinForms.csproj", "{92D2AF6A-7259-46D6-8F5A-4563383AE4E1}"
EndProject
Project("{FAE04EC0-301F-11D3-BF4B-00C04F79EFBC}") = "EXAM", "EXAM\EXAM.csproj", "{F9EA5BB0-F157-45F4-92B5-286EEA073749}"
EndProject
Project("{FAE04EC0-301F-11D3-BF4B-00C04F79EFBC}") = "Lesson_6_DataGridView", "Lesson_6_DataGridView\Lesson_6_DataGridView.csproj", "{4F632242-31CE-4225-8B57-1FB490CEBF54}"
EndProject
Project("{FAE04EC0-301F-11D3-BF4B-00C04F79EFBC}") = "Lesson_6_LINQ", "Lesson_6_LINQ\Lesson_6_LINQ.csproj", "{66F6C057-5E3E-421D-9017-DAACE9953DCC}"
EndProject
Project("{FAE04EC0-301F-11D3-BF4B-00C04F79EFBC}") = "Lesson_7_Linq_To_XML", "Lesson_7_Linq_To_XML\Lesson_7_Linq_To_XML.csproj", "{3D160421-2FD7-4111-A460-DB0098015478}"
EndProject
Project("{FAE04EC0-301F-11D3-BF4B-00C04F79EFBC}") = "Lesson_7_Linq_To_SQL", "Lesson_7_Linq_To_SQL\Lesson_7_Linq_To_SQL.csproj", "{8D98C0D8-19A6-4F1A-A8DB-93B126760A2E}"
EndProject
Project("{FAE04EC0-301F-11D3-BF4B-00C04F79EFBC}") = "Lesson_8_EntityFW_DBFirst", "Lesson_8_EntityFW_DBFirst\Lesson_8_EntityFW_DBFirst.csproj", "{C58D07DF-A9AB-4B98-BA96-C2EDF1256F6F}"
EndProject
Global
	GlobalSection(SolutionConfigurationPlatforms) = preSolution
		Debug|Any CPU = Debug|Any CPU
		Release|Any CPU = Release|Any CPU
	EndGlobalSection
	GlobalSection(ProjectConfigurationPlatforms) = postSolution
		{1020A7EF-9B5F-49D3-8ABF-BF84DE1EADA4}.Debug|Any CPU.ActiveCfg = Debug|Any CPU
		{1020A7EF-9B5F-49D3-8ABF-BF84DE1EADA4}.Debug|Any CPU.Build.0 = Debug|Any CPU
		{1020A7EF-9B5F-49D3-8ABF-BF84DE1EADA4}.Release|Any CPU.ActiveCfg = Release|Any CPU
		{1020A7EF-9B5F-49D3-8ABF-BF84DE1EADA4}.Release|Any CPU.Build.0 = Release|Any CPU
		{D5658E8E-DA82-4858-A27F-08FB6AC095EB}.Debug|Any CPU.ActiveCfg = Debug|Any CPU
		{D5658E8E-DA82-4858-A27F-08FB6AC095EB}.Debug|Any CPU.Build.0 = Debug|Any CPU
		{D5658E8E-DA82-4858-A27F-08FB6AC095EB}.Release|Any CPU.ActiveCfg = Release|Any CPU
		{D5658E8E-DA82-4858-A27F-08FB6AC095EB}.Release|Any CPU.Build.0 = Release|Any CPU
		{D05E0C67-C160-4C82-BC27-101A1CBAC888}.Debug|Any CPU.ActiveCfg = Debug|Any CPU
		{D05E0C67-C160-4C82-BC27-101A1CBAC888}.Debug|Any CPU.Build.0 = Debug|Any CPU
		{D05E0C67-C160-4C82-BC27-101A1CBAC888}.Release|Any CPU.ActiveCfg = Release|Any CPU
		{D05E0C67-C160-4C82-BC27-101A1CBAC888}.Release|Any CPU.Build.0 = Release|Any CPU
		{35059664-D268-4C97-82F2-8A38359E5221}.Debug|Any CPU.ActiveCfg = Debug|Any CPU
		{35059664-D268-4C97-82F2-8A38359E5221}.Debug|Any CPU.Build.0 = Debug|Any CPU
		{35059664-D268-4C97-82F2-8A38359E5221}.Release|Any CPU.ActiveCfg = Release|Any CPU
		{35059664-D268-4C97-82F2-8A38359E5221}.Release|Any CPU.Build.0 = Release|Any CPU
		{C1F3850E-15F2-449C-8C6B-6E823159290E}.Debug|Any CPU.ActiveCfg = Debug|Any CPU
		{C1F3850E-15F2-449C-8C6B-6E823159290E}.Debug|Any CPU.Build.0 = Debug|Any CPU
		{C1F3850E-15F2-449C-8C6B-6E823159290E}.Release|Any CPU.ActiveCfg = Release|Any CPU
		{C1F3850E-15F2-449C-8C6B-6E823159290E}.Release|Any CPU.Build.0 = Release|Any CPU
		{FD16D5A1-9BB6-4C5B-A8A2-516428E02F25}.Debug|Any CPU.ActiveCfg = Debug|Any CPU
		{FD16D5A1-9BB6-4C5B-A8A2-516428E02F25}.Debug|Any CPU.Build.0 = Debug|Any CPU
		{FD16D5A1-9BB6-4C5B-A8A2-516428E02F25}.Release|Any CPU.ActiveCfg = Release|Any CPU
		{FD16D5A1-9BB6-4C5B-A8A2-516428E02F25}.Release|Any CPU.Build.0 = Release|Any CPU
		{36F2474F-F329-482B-8A2C-C122620B57A2}.Debug|Any CPU.ActiveCfg = Debug|Any CPU
		{36F2474F-F329-482B-8A2C-C122620B57A2}.Debug|Any CPU.Build.0 = Debug|Any CPU
		{36F2474F-F329-482B-8A2C-C122620B57A2}.Release|Any CPU.ActiveCfg = Release|Any CPU
		{36F2474F-F329-482B-8A2C-C122620B57A2}.Release|Any CPU.Build.0 = Release|Any CPU
		{F94A3EDC-2439-44CA-9967-F9B712A820ED}.Debug|Any CPU.ActiveCfg = Debug|Any CPU
		{F94A3EDC-2439-44CA-9967-F9B712A820ED}.Debug|Any CPU.Build.0 = Debug|Any CPU
		{F94A3EDC-2439-44CA-9967-F9B712A820ED}.Release|Any CPU.ActiveCfg = Release|Any CPU
		{F94A3EDC-2439-44CA-9967-F9B712A820ED}.Release|Any CPU.Build.0 = Release|Any CPU
		{92D2AF6A-7259-46D6-8F5A-4563383AE4E1}.Debug|Any CPU.ActiveCfg = Debug|Any CPU
		{92D2AF6A-7259-46D6-8F5A-4563383AE4E1}.Debug|Any CPU.Build.0 = Debug|Any CPU
		{92D2AF6A-7259-46D6-8F5A-4563383AE4E1}.Release|Any CPU.ActiveCfg = Release|Any CPU
		{92D2AF6A-7259-46D6-8F5A-4563383AE4E1}.Release|Any CPU.Build.0 = Release|Any CPU
		{F9EA5BB0-F157-45F4-92B5-286EEA073749}.Debug|Any CPU.ActiveCfg = Debug|Any CPU
		{F9EA5BB0-F157-45F4-92B5-286EEA073749}.Debug|Any CPU.Build.0 = Debug|Any CPU
		{F9EA5BB0-F157-45F4-92B5-286EEA073749}.Release|Any CPU.ActiveCfg = Release|Any CPU
		{F9EA5BB0-F157-45F4-92B5-286EEA073749}.Release|Any CPU.Build.0 = Release|Any CPU
		{4F632242-31CE-4225-8B57-1FB490CEBF54}.Debug|Any CPU.ActiveCfg = Debug|Any CPU
		{4F632242-31CE-4225-8B57-1FB490CEBF54}.Debug|Any CPU.Build.0 = Debug|Any CPU
		{4F632242-31CE-4225-8B57-1FB490CEBF54}.Release|Any CPU.ActiveCfg = Release|Any CPU
		{4F632242-31CE-4225-8B57-1FB490CEBF54}.Release|Any CPU.Build.0 = Release|Any CPU
		{66F6C057-5E3E-421D-9017-DAACE9953DCC}.Debug|Any CPU.ActiveCfg = Debug|Any CPU
		{66F6C057-5E3E-421D-9017-DAACE9953DCC}.Debug|Any CPU.Build.0 = Debug|Any CPU
		{66F6C057-5E3E-421D-9017-DAACE9953DCC}.Release|Any CPU.ActiveCfg = Release|Any CPU
		{66F6C057-5E3E-421D-9017-DAACE9953DCC}.Release|Any CPU.Build.0 = Release|Any CPU
		{3D160421-2FD7-4111-A460-DB0098015478}.Debug|Any CPU.ActiveCfg = Debug|Any CPU
		{3D160421-2FD7-4111-A460-DB0098015478}.Debug|Any CPU.Build.0 = Debug|Any CPU
		{3D160421-2FD7-4111-A460-DB0098015478}.Release|Any CPU.ActiveCfg = Release|Any CPU
		{3D160421-2FD7-4111-A460-DB0098015478}.Release|Any CPU.Build.0 = Release|Any CPU
		{8D98C0D8-19A6-4F1A-A8DB-93B126760A2E}.Debug|Any CPU.ActiveCfg = Debug|Any CPU
		{8D98C0D8-19A6-4F1A-A8DB-93B126760A2E}.Debug|Any CPU.Build.0 = Debug|Any CPU
		{8D98C0D8-19A6-4F1A-A8DB-93B126760A2E}.Release|Any CPU.ActiveCfg = Release|Any CPU
		{8D98C0D8-19A6-4F1A-A8DB-93B126760A2E}.Release|Any CPU.Build.0 = Release|Any CPU
		{C58D07DF-A9AB-4B98-BA96-C2EDF1256F6F}.Debug|Any CPU.ActiveCfg = Debug|Any CPU
		{C58D07DF-A9AB-4B98-BA96-C2EDF1256F6F}.Debug|Any CPU.Build.0 = Debug|Any CPU
		{C58D07DF-A9AB-4B98-BA96-C2EDF1256F6F}.Release|Any CPU.ActiveCfg = Release|Any CPU
		{C58D07DF-A9AB-4B98-BA96-C2EDF1256F6F}.Release|Any CPU.Build.0 = Release|Any CPU
	EndGlobalSection
EndGlobal
